github.com/HugoBlox/hugo-blox-builder/modules/blox-plugin-netlify v1.1.2-0.20231209203044-d31adfedd40b h1:rAluI3a9m5ZoJY5xTF7YcgA4YTJLsvPTEh6sVQhPb+o=
github.com/HugoBlox/hugo-blox-builder/modules/blox-plugin-netlify v1.1.2-0.20231209203044-d31adfedd40b/go.mod h1:C7jfxMLv1bEUqbM9XDSmEpfOpS8w06OgqNDEcbuRgL4=
github.com/HugoBlox/hugo-blox-builder/modules/blox-plugin-netlify v1.1.2-0.20240602152624-676a1b20ee9f h1:8ikS1YeIwEOY3mGzS3ErRNbTXyh3XuDl+bEaeTEiAGE=
github.com/HugoBlox/hugo-blox-builder/modules/blox-plugin-netlify v1.1.2-0.20240602152624-676a1b20ee9f/go.mod h1:C7jfxMLv1bEUqbM9XDSmEpfOpS8w06OgqNDEcbuRgL4=
github.com/HugoBlox/hugo-blox-builder/modules/blox-tailwind v0.2.1-0.20240602133901-492e343c2a33 h1:x348mgyKtNQKGROIZ/A0WYbKitzD5ySaWWny0C8wF9U=
github.com/HugoBlox/hugo-blox-builder/modules/blox-tailwind v0.2.1-0.20240602133901-492e343c2a33/go.mod h1:+qBbqXbKT7M2nOeHQa5OrRXwQKpEx1RXpMGirHbT7HU=
github.com/HugoBlox/hugo-blox-builder/modules/blox-tailwind v0.2.1-0.20240602152624-676a1b20ee9f h1:9N62Fq22GveA0zjmvzT7nCXa1m2QTXMf5UiIOBpNAdI=
github.com/HugoBlox/hugo-blox-builder/modules/blox-tailwind v0.2.1-0.20240602152624-676a1b20ee9f/go.mod h1:+qBbqXbKT7M2nOeHQa5OrRXwQKpEx1RXpMGirHbT7HU=
